
Microsoft Visual Studio Solution File, Format Version 12.00
# Visual Studio Version 17
VisualStudioVersion = 17.4.33205.214
MinimumVisualStudioVersion = 10.0.40219.1
Project("{8BC9CEB8-8B4A-11D0-8D11-00A0C91BC942}") = "GILua", "GILua\GILua.vcxproj", "{B66B8E0C-96A7-4946-9C96-8359C522B456}"
EndProject
Project("{8BC9CEB8-8B4A-11D0-8D11-00A0C91BC942}") = "Launcher", "Launcher\Launcher.vcxproj", "{1C979062-B608-4A70-80FC-E2C8E3170406}"
EndProject
Global
	GlobalSection(SolutionConfigurationPlatforms) = preSolution
		Debug|x64 = Debug|x64
		Debug|x86 = Debug|x86
		Release|x64 = Release|x64
		Release|x86 = Release|x86
	EndGlobalSection
	GlobalSection(ProjectConfigurationPlatforms) = postSolution
		{B66B8E0C-96A7-4946-9C96-8359C522B456}.Debug|x64.ActiveCfg = Debug|x64
		{B66B8E0C-96A7-4946-9C96-8359C522B456}.Debug|x64.Build.0 = Debug|x64
		{B66B8E0C-96A7-4946-9C96-8359C522B456}.Debug|x86.ActiveCfg = Debug|Win32
		{B66B8E0C-96A7-4946-9C96-8359C522B456}.Debug|x86.Build.0 = Debug|Win32
		{B66B8E0C-96A7-4946-9C96-8359C522B456}.Release|x64.ActiveCfg = Release|x64
		{B66B8E0C-96A7-4946-9C96-8359C522B456}.Release|x64.Build.0 = Release|x64
		{B66B8E0C-96A7-4946-9C96-8359C522B456}.Release|x86.ActiveCfg = Release|Win32
		{B66B8E0C-96A7-4946-9C96-8359C522B456}.Release|x86.Build.0 = Release|Win32
		{1C979062-B608-4A70-80FC-E2C8E3170406}.Debug|x64.ActiveCfg = Debug|x64
		{1C979062-B608-4A70-80FC-E2C8E3170406}.Debug|x64.Build.0 = Debug|x64
		{1C979062-B608-4A70-80FC-E2C8E3170406}.Debug|x86.ActiveCfg = Debug|Win32
		{1C979062-B608-4A70-80FC-E2C8E3170406}.Debug|x86.Build.0 = Debug|Win32
		{1C979062-B608-4A70-80FC-E2C8E3170406}.Release|x64.ActiveCfg = Release|x64
		{1C979062-B608-4A70-80FC-E2C8E3170406}.Release|x64.Build.0 = Release|x64
		{1C979062-B608-4A70-80FC-E2C8E3170406}.Release|x86.ActiveCfg = Release|Win32
		{1C979062-B608-4A70-80FC-E2C8E3170406}.Release|x86.Build.0 = Release|Win32
	EndGlobalSection
	GlobalSection(SolutionProperties) = preSolution
		HideSolutionNode = FALSE
	EndGlobalSection
	GlobalSection(ExtensibilityGlobals) = postSolution
		SolutionGuid = {2198BED5-B77C-465E-BCE6-CD54BE1F57A7}
	EndGlobalSection
EndGlobal
